
Microsoft Visual Studio Solution File, Format Version 12.00
# Visual Studio 15
VisualStudioVersion = 15.0.28307.572
MinimumVisualStudioVersion = 10.0.40219.1
Project("{FAE04EC0-301F-11D3-BF4B-00C04F79EFBC}") = "Web", "Web\Web.csproj", "{050AE850-4115-4CF4-8C87-77D5F8E6E992}"
EndProject
Project("{FAE04EC0-301F-11D3-BF4B-00C04F79EFBC}") = "Mvc.Framework", "MVC.Framework\Mvc.Framework.csproj", "{8ABFFC37-CAAF-4789-B7B1-FD264371CCB7}"
EndProject
Global
	GlobalSection(SolutionConfigurationPlatforms) = preSolution
		Debug|Any CPU = Debug|Any CPU
		Release|Any CPU = Release|Any CPU
	EndGlobalSection
	GlobalSection(ProjectConfigurationPlatforms) = postSolution
		{050AE850-4115-4CF4-8C87-77D5F8E6E992}.Debug|Any CPU.ActiveCfg = Debug|Any CPU
		{050AE850-4115-4CF4-8C87-77D5F8E6E992}.Debug|Any CPU.Build.0 = Debug|Any CPU
		{050AE850-4115-4CF4-8C87-77D5F8E6E992}.Release|Any CPU.ActiveCfg = Release|Any CPU
		{050AE850-4115-4CF4-8C87-77D5F8E6E992}.Release|Any CPU.Build.0 = Release|Any CPU
		{8ABFFC37-CAAF-4789-B7B1-FD264371CCB7}.Debug|Any CPU.ActiveCfg = Debug|Any CPU
		{8ABFFC37-CAAF-4789-B7B1-FD264371CCB7}.Debug|Any CPU.Build.0 = Debug|Any CPU
		{8ABFFC37-CAAF-4789-B7B1-FD264371CCB7}.Release|Any CPU.ActiveCfg = Release|Any CPU
		{8ABFFC37-CAAF-4789-B7B1-FD264371CCB7}.Release|Any CPU.Build.0 = Release|Any CPU
	EndGlobalSection
	GlobalSection(SolutionProperties) = preSolution
		HideSolutionNode = FALSE
	EndGlobalSection
	GlobalSection(ExtensibilityGlobals) = postSolution
		SolutionGuid = {A71ACBFF-B015-4DFA-BEF7-1CC17E7ABBBB}
	EndGlobalSection
EndGlobal
